
Microsoft Visual Studio Solution File, Format Version 12.00
# Visual Studio Version 16
VisualStudioVersion = 16.0.32126.315
MinimumVisualStudioVersion = 10.0.40219.1
Project("{FAE04EC0-301F-11D3-BF4B-00C04F79EFBC}") = "ParkingSolution.ImportApp", "ParkingSolution.ImportApp\ParkingSolution.ImportApp.csproj", "{46DD705D-8565-4A73-8CD3-14F658FE6691}"
EndProject
Project("{FAE04EC0-301F-11D3-BF4B-00C04F79EFBC}") = "ParkingSolution.WebAPI", "ParkingSolution.WebAPI\ParkingSolution.WebAPI.csproj", "{CA5B37A2-350A-4E03-8E05-D95C998EA871}"
EndProject
Global
	GlobalSection(SolutionConfigurationPlatforms) = preSolution
		Debug|Any CPU = Debug|Any CPU
		Release|Any CPU = Release|Any CPU
	EndGlobalSection
	GlobalSection(ProjectConfigurationPlatforms) = postSolution
		{46DD705D-8565-4A73-8CD3-14F658FE6691}.Debug|Any CPU.ActiveCfg = Debug|Any CPU
		{46DD705D-8565-4A73-8CD3-14F658FE6691}.Debug|Any CPU.Build.0 = Debug|Any CPU
		{46DD705D-8565-4A73-8CD3-14F658FE6691}.Release|Any CPU.ActiveCfg = Release|Any CPU
		{46DD705D-8565-4A73-8CD3-14F658FE6691}.Release|Any CPU.Build.0 = Release|Any CPU
		{CA5B37A2-350A-4E03-8E05-D95C998EA871}.Debug|Any CPU.ActiveCfg = Debug|Any CPU
		{CA5B37A2-350A-4E03-8E05-D95C998EA871}.Debug|Any CPU.Build.0 = Debug|Any CPU
		{CA5B37A2-350A-4E03-8E05-D95C998EA871}.Release|Any CPU.ActiveCfg = Release|Any CPU
		{CA5B37A2-350A-4E03-8E05-D95C998EA871}.Release|Any CPU.Build.0 = Release|Any CPU
	EndGlobalSection
	GlobalSection(SolutionProperties) = preSolution
		HideSolutionNode = FALSE
	EndGlobalSection
	GlobalSection(ExtensibilityGlobals) = postSolution
		SolutionGuid = {04F0368C-2B96-4273-81A5-57EDFB705EEB}
	EndGlobalSection
EndGlobal
